
Microsoft Visual Studio Solution File, Format Version 12.00
# Visual Studio Version 17
VisualStudioVersion = 17.3.32804.467
MinimumVisualStudioVersion = 10.0.40219.1
Project("{9A19103F-16F7-4668-BE54-9A1E7A4F7556}") = "Discord.Core", "Discord.Core.csproj", "{5E7F946A-1833-4948-9B0A-596B81078FE5}"
EndProject
Project("{9A19103F-16F7-4668-BE54-9A1E7A4F7556}") = "Blaczko.Core", "Blaczko.Core\Blaczko.Core.csproj", "{8271234C-564D-41D5-AEC3-36EA95010E55}"
EndProject
Global
	GlobalSection(SolutionConfigurationPlatforms) = preSolution
		Debug|Any CPU = Debug|Any CPU
		Release|Any CPU = Release|Any CPU
	EndGlobalSection
	GlobalSection(ProjectConfigurationPlatforms) = postSolution
		{5E7F946A-1833-4948-9B0A-596B81078FE5}.Debug|Any CPU.ActiveCfg = Debug|Any CPU
		{5E7F946A-1833-4948-9B0A-596B81078FE5}.Debug|Any CPU.Build.0 = Debug|Any CPU
		{5E7F946A-1833-4948-9B0A-596B81078FE5}.Release|Any CPU.ActiveCfg = Release|Any CPU
		{5E7F946A-1833-4948-9B0A-596B81078FE5}.Release|Any CPU.Build.0 = Release|Any CPU
		{8271234C-564D-41D5-AEC3-36EA95010E55}.Debug|Any CPU.ActiveCfg = Debug|Any CPU
		{8271234C-564D-41D5-AEC3-36EA95010E55}.Debug|Any CPU.Build.0 = Debug|Any CPU
		{8271234C-564D-41D5-AEC3-36EA95010E55}.Release|Any CPU.ActiveCfg = Release|Any CPU
		{8271234C-564D-41D5-AEC3-36EA95010E55}.Release|Any CPU.Build.0 = Release|Any CPU
	EndGlobalSection
	GlobalSection(SolutionProperties) = preSolution
		HideSolutionNode = FALSE
	EndGlobalSection
	GlobalSection(ExtensibilityGlobals) = postSolution
		SolutionGuid = {0BA79B29-100D-4CDF-B4C6-6F507A97BFA4}
	EndGlobalSection
EndGlobal
